
Microsoft Visual Studio Solution File, Format Version 12.00
# Visual Studio 15
VisualStudioVersion = 15.0.27130.2010
MinimumVisualStudioVersion = 10.0.40219.1
Project("{9092AA53-FB77-4645-B42D-1CCCA6BD08BD}") = "NodejsExpCURD", "NodejsExpCURD\NodejsExpCURD.njsproj", "{D0DBCD82-1D49-470C-B03E-1DC76A68D088}"
EndProject
Global
	GlobalSection(SolutionConfigurationPlatforms) = preSolution
		Debug|Any CPU = Debug|Any CPU
		Release|Any CPU = Release|Any CPU
	EndGlobalSection
	GlobalSection(ProjectConfigurationPlatforms) = postSolution
		{D0DBCD82-1D49-470C-B03E-1DC76A68D088}.Debug|Any CPU.ActiveCfg = Debug|Any CPU
		{D0DBCD82-1D49-470C-B03E-1DC76A68D088}.Debug|Any CPU.Build.0 = Debug|Any CPU
		{D0DBCD82-1D49-470C-B03E-1DC76A68D088}.Release|Any CPU.ActiveCfg = Release|Any CPU
		{D0DBCD82-1D49-470C-B03E-1DC76A68D088}.Release|Any CPU.Build.0 = Release|Any CPU
	EndGlobalSection
	GlobalSection(SolutionProperties) = preSolution
		HideSolutionNode = FALSE
	EndGlobalSection
	GlobalSection(ExtensibilityGlobals) = postSolution
		SolutionGuid = {24B33A3A-93F7-40AA-AEB3-757EA4D844EF}
	EndGlobalSection
EndGlobal
